
Microsoft Visual Studio Solution File, Format Version 12.00
# Visual Studio Version 16
VisualStudioVersion = 16.0.34114.132
MinimumVisualStudioVersion = 10.0.40219.1
Project("{8BC9CEB8-8B4A-11D0-8D11-00A0C91BC942}") = "KR", "ConsoleApplication1\ConsoleApplication1.vcxproj", "{A44FFAC0-9F4A-4FFF-87BA-4F7A94D555E9}"
EndProject
Project("{FAE04EC0-301F-11D3-BF4B-00C04F79EFBC}") = "LR1", "LR\LR1.csproj", "{AB44F2D7-7FAF-4016-9072-7AD61C06E56E}"
EndProject
Project("{FAE04EC0-301F-11D3-BF4B-00C04F79EFBC}") = "LR2", "LR2\LR2.csproj", "{6B392786-ACAA-45D7-94AA-AC7832A49BFF}"
EndProject
Global
	GlobalSection(SolutionConfigurationPlatforms) = preSolution
		Debug|Any CPU = Debug|Any CPU
		Debug|x64 = Debug|x64
		Debug|x86 = Debug|x86
		Release|Any CPU = Release|Any CPU
		Release|x64 = Release|x64
		Release|x86 = Release|x86
	EndGlobalSection
	GlobalSection(ProjectConfigurationPlatforms) = postSolution
		{A44FFAC0-9F4A-4FFF-87BA-4F7A94D555E9}.Debug|Any CPU.ActiveCfg = Debug|Win32
		{A44FFAC0-9F4A-4FFF-87BA-4F7A94D555E9}.Debug|x64.ActiveCfg = Debug|x64
		{A44FFAC0-9F4A-4FFF-87BA-4F7A94D555E9}.Debug|x64.Build.0 = Debug|x64
		{A44FFAC0-9F4A-4FFF-87BA-4F7A94D555E9}.Debug|x86.ActiveCfg = Debug|Win32
		{A44FFAC0-9F4A-4FFF-87BA-4F7A94D555E9}.Debug|x86.Build.0 = Debug|Win32
		{A44FFAC0-9F4A-4FFF-87BA-4F7A94D555E9}.Release|Any CPU.ActiveCfg = Release|Win32
		{A44FFAC0-9F4A-4FFF-87BA-4F7A94D555E9}.Release|x64.ActiveCfg = Release|x64
		{A44FFAC0-9F4A-4FFF-87BA-4F7A94D555E9}.Release|x64.Build.0 = Release|x64
		{A44FFAC0-9F4A-4FFF-87BA-4F7A94D555E9}.Release|x86.ActiveCfg = Release|Win32
		{A44FFAC0-9F4A-4FFF-87BA-4F7A94D555E9}.Release|x86.Build.0 = Release|Win32
		{AB44F2D7-7FAF-4016-9072-7AD61C06E56E}.Debug|Any CPU.ActiveCfg = Debug|Any CPU
		{AB44F2D7-7FAF-4016-9072-7AD61C06E56E}.Debug|Any CPU.Build.0 = Debug|Any CPU
		{AB44F2D7-7FAF-4016-9072-7AD61C06E56E}.Debug|x64.ActiveCfg = Debug|Any CPU
		{AB44F2D7-7FAF-4016-9072-7AD61C06E56E}.Debug|x64.Build.0 = Debug|Any CPU
		{AB44F2D7-7FAF-4016-9072-7AD61C06E56E}.Debug|x86.ActiveCfg = Debug|Any CPU
		{AB44F2D7-7FAF-4016-9072-7AD61C06E56E}.Debug|x86.Build.0 = Debug|Any CPU
		{AB44F2D7-7FAF-4016-9072-7AD61C06E56E}.Release|Any CPU.ActiveCfg = Release|Any CPU
		{AB44F2D7-7FAF-4016-9072-7AD61C06E56E}.Release|Any CPU.Build.0 = Release|Any CPU
		{AB44F2D7-7FAF-4016-9072-7AD61C06E56E}.Release|x64.ActiveCfg = Release|Any CPU
		{AB44F2D7-7FAF-4016-9072-7AD61C06E56E}.Release|x64.Build.0 = Release|Any CPU
		{AB44F2D7-7FAF-4016-9072-7AD61C06E56E}.Release|x86.ActiveCfg = Release|Any CPU
		{AB44F2D7-7FAF-4016-9072-7AD61C06E56E}.Release|x86.Build.0 = Release|Any CPU
		{6B392786-ACAA-45D7-94AA-AC7832A49BFF}.Debug|Any CPU.ActiveCfg = Debug|Any CPU
		{6B392786-ACAA-45D7-94AA-AC7832A49BFF}.Debug|Any CPU.Build.0 = Debug|Any CPU
		{6B392786-ACAA-45D7-94AA-AC7832A49BFF}.Debug|x64.ActiveCfg = Debug|Any CPU
		{6B392786-ACAA-45D7-94AA-AC7832A49BFF}.Debug|x64.Build.0 = Debug|Any CPU
		{6B392786-ACAA-45D7-94AA-AC7832A49BFF}.Debug|x86.ActiveCfg = Debug|Any CPU
		{6B392786-ACAA-45D7-94AA-AC7832A49BFF}.Debug|x86.Build.0 = Debug|Any CPU
		{6B392786-ACAA-45D7-94AA-AC7832A49BFF}.Release|Any CPU.ActiveCfg = Release|Any CPU
		{6B392786-ACAA-45D7-94AA-AC7832A49BFF}.Release|Any CPU.Build.0 = Release|Any CPU
		{6B392786-ACAA-45D7-94AA-AC7832A49BFF}.Release|x64.ActiveCfg = Release|Any CPU
		{6B392786-ACAA-45D7-94AA-AC7832A49BFF}.Release|x64.Build.0 = Release|Any CPU
		{6B392786-ACAA-45D7-94AA-AC7832A49BFF}.Release|x86.ActiveCfg = Release|Any CPU
		{6B392786-ACAA-45D7-94AA-AC7832A49BFF}.Release|x86.Build.0 = Release|Any CPU
	EndGlobalSection
	GlobalSection(SolutionProperties) = preSolution
		HideSolutionNode = FALSE
	EndGlobalSection
	GlobalSection(ExtensibilityGlobals) = postSolution
		SolutionGuid = {589B65AC-421D-47F5-9FCF-158A1F9505F7}
	EndGlobalSection
EndGlobal
